
Microsoft Visual Studio Solution File, Format Version 12.00
# Visual Studio Version 17
VisualStudioVersion = 17.13.35828.75
MinimumVisualStudioVersion = 10.0.40219.1
Project("{FAE04EC0-301F-11D3-BF4B-00C04F79EFBC}") = "LinkBuyLibrary", "src\LinkBuyLibrary\LinkBuyLibrary.csproj", "{12BEF010-8FC8-26EF-F2B6-6664876D4662}"
EndProject
Project("{FAE04EC0-301F-11D3-BF4B-00C04F79EFBC}") = "LinkBuyMvc", "src\LinkBuyMvc\LinkBuyMvc.csproj", "{3746A5A0-9F22-2BC7-513D-0F983D13032B}"
EndProject
Project("{FAE04EC0-301F-11D3-BF4B-00C04F79EFBC}") = "LinkBuyApi", "src\LinkBuyApi\LinkBuyApi.csproj", "{13096BA8-A380-2AEB-EFC1-683BA3272597}"
EndProject
Global
	GlobalSection(SolutionConfigurationPlatforms) = preSolution
		Debug|Any CPU = Debug|Any CPU
		Release|Any CPU = Release|Any CPU
	EndGlobalSection
	GlobalSection(ProjectConfigurationPlatforms) = postSolution
		{12BEF010-8FC8-26EF-F2B6-6664876D4662}.Debug|Any CPU.ActiveCfg = Debug|Any CPU
		{12BEF010-8FC8-26EF-F2B6-6664876D4662}.Debug|Any CPU.Build.0 = Debug|Any CPU
		{12BEF010-8FC8-26EF-F2B6-6664876D4662}.Release|Any CPU.ActiveCfg = Release|Any CPU
		{12BEF010-8FC8-26EF-F2B6-6664876D4662}.Release|Any CPU.Build.0 = Release|Any CPU
		{3746A5A0-9F22-2BC7-513D-0F983D13032B}.Debug|Any CPU.ActiveCfg = Debug|Any CPU
		{3746A5A0-9F22-2BC7-513D-0F983D13032B}.Debug|Any CPU.Build.0 = Debug|Any CPU
		{3746A5A0-9F22-2BC7-513D-0F983D13032B}.Release|Any CPU.ActiveCfg = Release|Any CPU
		{3746A5A0-9F22-2BC7-513D-0F983D13032B}.Release|Any CPU.Build.0 = Release|Any CPU
		{13096BA8-A380-2AEB-EFC1-683BA3272597}.Debug|Any CPU.ActiveCfg = Debug|Any CPU
		{13096BA8-A380-2AEB-EFC1-683BA3272597}.Debug|Any CPU.Build.0 = Debug|Any CPU
		{13096BA8-A380-2AEB-EFC1-683BA3272597}.Release|Any CPU.ActiveCfg = Release|Any CPU
		{13096BA8-A380-2AEB-EFC1-683BA3272597}.Release|Any CPU.Build.0 = Release|Any CPU
	EndGlobalSection
	GlobalSection(SolutionProperties) = preSolution
		HideSolutionNode = FALSE
	EndGlobalSection
	GlobalSection(ExtensibilityGlobals) = postSolution
		SolutionGuid = {7995983B-D4FB-4E09-9897-DDEAFEFA371A}
	EndGlobalSection
EndGlobal
